// !$*UTF8*$!
{
	archiveVersion = 1;
	classes = {
	};
	objectVersion = 46;
	objects = {

/* Begin PBXBuildFile section */
		5B96E6EF28378DD4003ABEC9 /* Assets.xcassets in Resources */ = {isa = PBXBuildFile; fileRef = 5B96E6EE28378DD4003ABEC9 /* Assets.xcassets */; };
		A818469E1EAA2694003A6986 /* Main.storyboard in Resources */ = {isa = PBXBuildFile; fileRef = A818469C1EAA2694003A6986 /* Main.storyboard */; };
		A81846A31EAA2694003A6986 /* LaunchScreen.storyboard in Resources */ = {isa = PBXBuildFile; fileRef = A81846A11EAA2694003A6986 /* LaunchScreen.storyboard */; };
		A8772C381EAF6CFF008601A4 /* Splash.jpg in Resources */ = {isa = PBXBuildFile; fileRef = A8772C371EAF6CFF008601A4 /* Splash.jpg */; };
		A8772C421EAF7193008601A4 /* AdditionalInforViewController.swift in Sources */ = {isa = PBXBuildFile; fileRef = A8772C391EAF7193008601A4 /* AdditionalInforViewController.swift */; };
		A8772C431EAF7193008601A4 /* AppDelegate.swift in Sources */ = {isa = PBXBuildFile; fileRef = A8772C3B1EAF7193008601A4 /* AppDelegate.swift */; };
		A8772C441EAF7193008601A4 /* HueTexture.swift in Sources */ = {isa = PBXBuildFile; fileRef = A8772C3C1EAF7193008601A4 /* HueTexture.swift */; };
		A8772C451EAF7193008601A4 /* LegalNoticeViewController.swift in Sources */ = {isa = PBXBuildFile; fileRef = A8772C3D1EAF7193008601A4 /* LegalNoticeViewController.swift */; };
		A8772C461EAF7193008601A4 /* RenderView.swift in Sources */ = {isa = PBXBuildFile; fileRef = A8772C3E1EAF7193008601A4 /* RenderView.swift */; };
		A8772C471EAF7193008601A4 /* RenderViewController.swift in Sources */ = {isa = PBXBuildFile; fileRef = A8772C3F1EAF7193008601A4 /* RenderViewController.swift */; };
		A8772C481EAF7193008601A4 /* VertexData.m in Sources */ = {isa = PBXBuildFile; fileRef = A8772C411EAF7193008601A4 /* VertexData.m */; };
		A8CEF0D41EACB26600B575E3 /* FragmentShader.glsl in Resources */ = {isa = PBXBuildFile; fileRef = A8CEF0D21EACB26600B575E3 /* FragmentShader.glsl */; };
		A8CEF0D51EACB26600B575E3 /* VertexShader.glsl in Resources */ = {isa = PBXBuildFile; fileRef = A8CEF0D31EACB26600B575E3 /* VertexShader.glsl */; };
		A8CEF0D71EACB26C00B575E3 /* FireHue.rgba in Resources */ = {isa = PBXBuildFile; fileRef = A8CEF0D61EACB26C00B575E3 /* FireHue.rgba */; };
		A8CEF0DC1EACCA6500B575E3 /* IceHue.rgba in Resources */ = {isa = PBXBuildFile; fileRef = A8CEF0DA1EACCA6500B575E3 /* IceHue.rgba */; };
		A8CEF0DD1EACCA6500B575E3 /* AshHue.rgba in Resources */ = {isa = PBXBuildFile; fileRef = A8CEF0DB1EACCA6500B575E3 /* AshHue.rgba */; };
		A8CEF0DF1EACEAC000B575E3 /* PsychedelicHue.rgba in Resources */ = {isa = PBXBuildFile; fileRef = A8CEF0DE1EACEAC000B575E3 /* PsychedelicHue.rgba */; };
		A8D2451A1EAEA342005206D7 /* Math2.png in Resources */ = {isa = PBXBuildFile; fileRef = A8D245191EAEA342005206D7 /* Math2.png */; };
		A8D2451D1EAEBBD6005206D7 /* Ifi.png in Resources */ = {isa = PBXBuildFile; fileRef = A8D2451C1EAEBBD6005206D7 /* Ifi.png */; };
		A8D245241EAEC364005206D7 /* ExpandCollapse.png in Resources */ = {isa = PBXBuildFile; fileRef = A8D245231EAEC364005206D7 /* ExpandCollapse.png */; };
		A8D42B691EAE86A8005E32DB /* Mandelbrot.jpg in Resources */ = {isa = PBXBuildFile; fileRef = A8D42B681EAE86A8005E32DB /* Mandelbrot.jpg */; };
		A8D42B6B1EAE94BC005E32DB /* Math1.png in Resources */ = {isa = PBXBuildFile; fileRef = A8D42B6A1EAE94BC005E32DB /* Math1.png */; };
		A8E3AEA91EAE315100073AAA /* Tubaf.png in Resources */ = {isa = PBXBuildFile; fileRef = A8E3AEA81EAE315100073AAA /* Tubaf.png */; };
/* End PBXBuildFile section */

/* Begin PBXFileReference section */
		5B96E6EE28378DD4003ABEC9 /* Assets.xcassets */ = {isa = PBXFileReference; lastKnownFileType = folder.assetcatalog; name = Assets.xcassets; path = "Almond Bread GL/Images/Assets.xcassets"; sourceTree = "<group>"; };
		A81846951EAA2694003A6986 /* Almond Bread GL.app */ = {isa = PBXFileReference; explicitFileType = wrapper.application; includeInIndex = 0; path = "Almond Bread GL.app"; sourceTree = BUILT_PRODUCTS_DIR; };
		A818469D1EAA2694003A6986 /* Base */ = {isa = PBXFileReference; lastKnownFileType = file.storyboard; name = Base; path = Base.lproj/Main.storyboard; sourceTree = "<group>"; };
		A81846A21EAA2694003A6986 /* Base */ = {isa = PBXFileReference; lastKnownFileType = file.storyboard; name = Base; path = Base.lproj/LaunchScreen.storyboard; sourceTree = "<group>"; };
		A81846A41EAA2694003A6986 /* Info.plist */ = {isa = PBXFileReference; lastKnownFileType = text.plist.xml; path = Info.plist; sourceTree = "<group>"; };
		A8772C371EAF6CFF008601A4 /* Splash.jpg */ = {isa = PBXFileReference; lastKnownFileType = image.jpeg; name = Splash.jpg; path = Images/Splash.jpg; sourceTree = "<group>"; };
		A8772C391EAF7193008601A4 /* AdditionalInforViewController.swift */ = {isa = PBXFileReference; fileEncoding = 4; lastKnownFileType = sourcecode.swift; name = AdditionalInforViewController.swift; path = Source/AdditionalInforViewController.swift; sourceTree = "<group>"; };
		A8772C3A1EAF7193008601A4 /* Almond Bread GL-Bridging-Header.h */ = {isa = PBXFileReference; fileEncoding = 4; lastKnownFileType = sourcecode.c.h; name = "Almond Bread GL-Bridging-Header.h"; path = "Source/Almond Bread GL-Bridging-Header.h"; sourceTree = "<group>"; };
		A8772C3B1EAF7193008601A4 /* AppDelegate.swift */ = {isa = PBXFileReference; fileEncoding = 4; lastKnownFileType = sourcecode.swift; name = AppDelegate.swift; path = Source/AppDelegate.swift; sourceTree = "<group>"; };
		A8772C3C1EAF7193008601A4 /* HueTexture.swift */ = {isa = PBXFileReference; fileEncoding = 4; lastKnownFileType = sourcecode.swift; name = HueTexture.swift; path = Source/HueTexture.swift; sourceTree = "<group>"; };
		A8772C3D1EAF7193008601A4 /* LegalNoticeViewController.swift */ = {isa = PBXFileReference; fileEncoding = 4; lastKnownFileType = sourcecode.swift; name = LegalNoticeViewController.swift; path = Source/LegalNoticeViewController.swift; sourceTree = "<group>"; };
		A8772C3E1EAF7193008601A4 /* RenderView.swift */ = {isa = PBXFileReference; fileEncoding = 4; lastKnownFileType = sourcecode.swift; name = RenderView.swift; path = Source/RenderView.swift; sourceTree = "<group>"; };
		A8772C3F1EAF7193008601A4 /* RenderViewController.swift */ = {isa = PBXFileReference; fileEncoding = 4; lastKnownFileType = sourcecode.swift; name = RenderViewController.swift; path = Source/RenderViewController.swift; sourceTree = "<group>"; };
		A8772C401EAF7193008601A4 /* VertexData.h */ = {isa = PBXFileReference; fileEncoding = 4; lastKnownFileType = sourcecode.c.h; name = VertexData.h; path = Source/VertexData.h; sourceTree = "<group>"; };
		A8772C411EAF7193008601A4 /* VertexData.m */ = {isa = PBXFileReference; fileEncoding = 4; lastKnownFileType = sourcecode.c.objc; name = VertexData.m; path = Source/VertexData.m; sourceTree = "<group>"; };
		A8CEF0D21EACB26600B575E3 /* FragmentShader.glsl */ = {isa = PBXFileReference; fileEncoding = 4; lastKnownFileType = text; name = FragmentShader.glsl; path = Shaders/FragmentShader.glsl; sourceTree = "<group>"; };
		A8CEF0D31EACB26600B575E3 /* VertexShader.glsl */ = {isa = PBXFileReference; fileEncoding = 4; lastKnownFileType = text; name = VertexShader.glsl; path = Shaders/VertexShader.glsl; sourceTree = "<group>"; };
		A8CEF0D61EACB26C00B575E3 /* FireHue.rgba */ = {isa = PBXFileReference; lastKnownFileType = file; name = FireHue.rgba; path = Textures/FireHue.rgba; sourceTree = "<group>"; };
		A8CEF0DA1EACCA6500B575E3 /* IceHue.rgba */ = {isa = PBXFileReference; lastKnownFileType = file; name = IceHue.rgba; path = Textures/IceHue.rgba; sourceTree = "<group>"; };
		A8CEF0DB1EACCA6500B575E3 /* AshHue.rgba */ = {isa = PBXFileReference; lastKnownFileType = file; name = AshHue.rgba; path = Textures/AshHue.rgba; sourceTree = "<group>"; };
		A8CEF0DE1EACEAC000B575E3 /* PsychedelicHue.rgba */ = {isa = PBXFileReference; lastKnownFileType = file; name = PsychedelicHue.rgba; path = Textures/PsychedelicHue.rgba; sourceTree = "<group>"; };
		A8D245191EAEA342005206D7 /* Math2.png */ = {isa = PBXFileReference; lastKnownFileType = image.png; name = Math2.png; path = Images/Math2.png; sourceTree = "<group>"; };
		A8D2451C1EAEBBD6005206D7 /* Ifi.png */ = {isa = PBXFileReference; lastKnownFileType = image.png; name = Ifi.png; path = Images/Ifi.png; sourceTree = "<group>"; };
		A8D245231EAEC364005206D7 /* ExpandCollapse.png */ = {isa = PBXFileReference; lastKnownFileType = image.png; name = ExpandCollapse.png; path = Images/ExpandCollapse.png; sourceTree = "<group>"; };
		A8D42B681EAE86A8005E32DB /* Mandelbrot.jpg */ = {isa = PBXFileReference; lastKnownFileType = image.jpeg; name = Mandelbrot.jpg; path = Images/Mandelbrot.jpg; sourceTree = "<group>"; };
		A8D42B6A1EAE94BC005E32DB /* Math1.png */ = {isa = PBXFileReference; lastKnownFileType = image.png; name = Math1.png; path = Images/Math1.png; sourceTree = "<group>"; };
		A8E3AEA81EAE315100073AAA /* Tubaf.png */ = {isa = PBXFileReference; lastKnownFileType = image.png; name = Tubaf.png; path = Images/Tubaf.png; sourceTree = "<group>"; };
/* End PBXFileReference section */

/* Begin PBXFrameworksBuildPhase section */
		A81846921EAA2693003A6986 /* Frameworks */ = {
			isa = PBXFrameworksBuildPhase;
			buildActionMask = 2147483647;
			files = (
			);
			runOnlyForDeploymentPostprocessing = 0;
		};
/* End PBXFrameworksBuildPhase section */

/* Begin PBXGroup section */
		A818468C1EAA2693003A6986 = {
			isa = PBXGroup;
			children = (
				A81846971EAA2694003A6986 /* Almond Bread GL */,
				5B96E6EE28378DD4003ABEC9 /* Assets.xcassets */,
				A81846961EAA2694003A6986 /* Products */,
			);
			sourceTree = "<group>";
		};
		A81846961EAA2694003A6986 /* Products */ = {
			isa = PBXGroup;
			children = (
				A81846951EAA2694003A6986 /* Almond Bread GL.app */,
			);
			name = Products;
			sourceTree = "<group>";
		};
		A81846971EAA2694003A6986 /* Almond Bread GL */ = {
			isa = PBXGroup;
			children = (
				A81846A41EAA2694003A6986 /* Info.plist */,
				A8D2451B1EAEB549005206D7 /* Source */,
				A81846AB1EAA28F1003A6986 /* UI */,
				A8E3AEA71EAE314200073AAA /* Images */,
			);
			path = "Almond Bread GL";
			sourceTree = "<group>";
		};
		A81846AB1EAA28F1003A6986 /* UI */ = {
			isa = PBXGroup;
			children = (
				A818469C1EAA2694003A6986 /* Main.storyboard */,
				A81846A11EAA2694003A6986 /* LaunchScreen.storyboard */,
			);
			name = UI;
			sourceTree = "<group>";
		};
		A8CEF0D01EACB22700B575E3 /* Shaders */ = {
			isa = PBXGroup;
			children = (
				A8CEF0D31EACB26600B575E3 /* VertexShader.glsl */,
				A8CEF0D21EACB26600B575E3 /* FragmentShader.glsl */,
			);
			name = Shaders;
			sourceTree = "<group>";
		};
		A8CEF0D11EACB23200B575E3 /* Textures */ = {
			isa = PBXGroup;
			children = (
				A8CEF0D61EACB26C00B575E3 /* FireHue.rgba */,
				A8CEF0DA1EACCA6500B575E3 /* IceHue.rgba */,
				A8CEF0DB1EACCA6500B575E3 /* AshHue.rgba */,
				A8CEF0DE1EACEAC000B575E3 /* PsychedelicHue.rgba */,
			);
			name = Textures;
			sourceTree = "<group>";
		};
		A8D2451B1EAEB549005206D7 /* Source */ = {
			isa = PBXGroup;
			children = (
				A8772C3A1EAF7193008601A4 /* Almond Bread GL-Bridging-Header.h */,
				A8772C3B1EAF7193008601A4 /* AppDelegate.swift */,
				A8D245201EAEC324005206D7 /* Render View */,
				A8D245211EAEC337005206D7 /* Additional Info */,
				A8D245221EAEC344005206D7 /* Legal Notice */,
			);
			name = Source;
			sourceTree = "<group>";
		};
		A8D245201EAEC324005206D7 /* Render View */ = {
			isa = PBXGroup;
			children = (
				A8CEF0D01EACB22700B575E3 /* Shaders */,
				A8CEF0D11EACB23200B575E3 /* Textures */,
				A8772C3C1EAF7193008601A4 /* HueTexture.swift */,
				A8772C401EAF7193008601A4 /* VertexData.h */,
				A8772C411EAF7193008601A4 /* VertexData.m */,
				A8772C3E1EAF7193008601A4 /* RenderView.swift */,
				A8772C3F1EAF7193008601A4 /* RenderViewController.swift */,
			);
			name = "Render View";
			sourceTree = "<group>";
		};
		A8D245211EAEC337005206D7 /* Additional Info */ = {
			isa = PBXGroup;
			children = (
				A8772C391EAF7193008601A4 /* AdditionalInforViewController.swift */,
			);
			name = "Additional Info";
			sourceTree = "<group>";
		};
		A8D245221EAEC344005206D7 /* Legal Notice */ = {
			isa = PBXGroup;
			children = (
				A8772C3D1EAF7193008601A4 /* LegalNoticeViewController.swift */,
			);
			name = "Legal Notice";
			sourceTree = "<group>";
		};
		A8E3AEA71EAE314200073AAA /* Images */ = {
			isa = PBXGroup;
			children = (
				A8772C371EAF6CFF008601A4 /* Splash.jpg */,
				A8D245231EAEC364005206D7 /* ExpandCollapse.png */,
				A8D42B681EAE86A8005E32DB /* Mandelbrot.jpg */,
				A8D42B6A1EAE94BC005E32DB /* Math1.png */,
				A8D245191EAEA342005206D7 /* Math2.png */,
				A8D2451C1EAEBBD6005206D7 /* Ifi.png */,
				A8E3AEA81EAE315100073AAA /* Tubaf.png */,
			);
			name = Images;
			sourceTree = "<group>";
		};
/* End PBXGroup section */

/* Begin PBXNativeTarget section */
		A81846941EAA2693003A6986 /* Almond Bread GL */ = {
			isa = PBXNativeTarget;
			buildConfigurationList = A81846A71EAA2694003A6986 /* Build configuration list for PBXNativeTarget "Almond Bread GL" */;
			buildPhases = (
				A81846911EAA2693003A6986 /* Sources */,
				A81846921EAA2693003A6986 /* Frameworks */,
				A81846931EAA2693003A6986 /* Resources */,
			);
			buildRules = (
			);
			dependencies = (
			);
			name = "Almond Bread GL";
			productName = "Almond Bread GL";
			productReference = A81846951EAA2694003A6986 /* Almond Bread GL.app */;
			productType = "com.apple.product-type.application";
		};
/* End PBXNativeTarget section */

/* Begin PBXProject section */
		A818468D1EAA2693003A6986 /* Project object */ = {
			isa = PBXProject;
			attributes = {
				LastSwiftUpdateCheck = 0830;
				LastUpgradeCheck = 1340;
				ORGANIZATIONNAME = "TU Bergakademie Freiberg";
				TargetAttributes = {
					A81846941EAA2693003A6986 = {
						CreatedOnToolsVersion = 8.3.1;
						DevelopmentTeam = 5T9EE9RR8V;
						LastSwiftMigration = 0830;
						ProvisioningStyle = Automatic;
					};
				};
			};
			buildConfigurationList = A81846901EAA2693003A6986 /* Build configuration list for PBXProject "Almond Bread GL" */;
			compatibilityVersion = "Xcode 3.2";
			developmentRegion = en;
			hasScannedForEncodings = 0;
			knownRegions = (
				en,
				Base,
			);
			mainGroup = A818468C1EAA2693003A6986;
			productRefGroup = A81846961EAA2694003A6986 /* Products */;
			projectDirPath = "";
			projectRoot = "";
			targets = (
				A81846941EAA2693003A6986 /* Almond Bread GL */,
			);
		};
/* End PBXProject section */

/* Begin PBXResourcesBuildPhase section */
		A81846931EAA2693003A6986 /* Resources */ = {
			isa = PBXResourcesBuildPhase;
			buildActionMask = 2147483647;
			files = (
				A8D2451A1EAEA342005206D7 /* Math2.png in Resources */,
				A81846A31EAA2694003A6986 /* LaunchScreen.storyboard in Resources */,
				A8CEF0D71EACB26C00B575E3 /* FireHue.rgba in Resources */,
				A8D2451D1EAEBBD6005206D7 /* Ifi.png in Resources */,
				A8772C381EAF6CFF008601A4 /* Splash.jpg in Resources */,
				A8CEF0DD1EACCA6500B575E3 /* AshHue.rgba in Resources */,
				A8E3AEA91EAE315100073AAA /* Tubaf.png in Resources */,
				A8CEF0D51EACB26600B575E3 /* VertexShader.glsl in Resources */,
				A8D245241EAEC364005206D7 /* ExpandCollapse.png in Resources */,
				A8CEF0DC1EACCA6500B575E3 /* IceHue.rgba in Resources */,
				A8D42B6B1EAE94BC005E32DB /* Math1.png in Resources */,
				A8CEF0DF1EACEAC000B575E3 /* PsychedelicHue.rgba in Resources */,
				A8CEF0D41EACB26600B575E3 /* FragmentShader.glsl in Resources */,
				A8D42B691EAE86A8005E32DB /* Mandelbrot.jpg in Resources */,
				5B96E6EF28378DD4003ABEC9 /* Assets.xcassets in Resources */,
				A818469E1EAA2694003A6986 /* Main.storyboard in Resources */,
			);
			runOnlyForDeploymentPostprocessing = 0;
		};
/* End PBXResourcesBuildPhase section */

/* Begin PBXSourcesBuildPhase section */
		A81846911EAA2693003A6986 /* Sources */ = {
			isa = PBXSourcesBuildPhase;
			buildActionMask = 2147483647;
			files = (
				A8772C451EAF7193008601A4 /* LegalNoticeViewController.swift in Sources */,
				A8772C431EAF7193008601A4 /* AppDelegate.swift in Sources */,
				A8772C471EAF7193008601A4 /* RenderViewController.swift in Sources */,
				A8772C441EAF7193008601A4 /* HueTexture.swift in Sources */,
				A8772C461EAF7193008601A4 /* RenderView.swift in Sources */,
				A8772C421EAF7193008601A4 /* AdditionalInforViewController.swift in Sources */,
				A8772C481EAF7193008601A4 /* VertexData.m in Sources */,
			);
			runOnlyForDeploymentPostprocessing = 0;
		};
/* End PBXSourcesBuildPhase section */

/* Begin PBXVariantGroup section */
		A818469C1EAA2694003A6986 /* Main.storyboard */ = {
			isa = PBXVariantGroup;
			children = (
				A818469D1EAA2694003A6986 /* Base */,
			);
			name = Main.storyboard;
			sourceTree = "<group>";
		};
		A81846A11EAA2694003A6986 /* LaunchScreen.storyboard */ = {
			isa = PBXVariantGroup;
			children = (
				A81846A21EAA2694003A6986 /* Base */,
			);
			name = LaunchScreen.storyboard;
			sourceTree = "<group>";
		};
/* End PBXVariantGroup section */

/* Begin XCBuildConfiguration section */
		A81846A51EAA2694003A6986 /* Debug */ = {
			isa = XCBuildConfiguration;
			buildSettings = {
				ALWAYS_SEARCH_USER_PATHS = NO;
				CLANG_ANALYZER_LOCALIZABILITY_NONLOCALIZED = YES;
				CLANG_ANALYZER_NONNULL = YES;
				CLANG_ANALYZER_NUMBER_OBJECT_CONVERSION = YES_AGGRESSIVE;
				CLANG_CXX_LANGUAGE_STANDARD = "gnu++0x";
				CLANG_CXX_LIBRARY = "libc++";
				CLANG_ENABLE_MODULES = YES;
				CLANG_ENABLE_OBJC_ARC = YES;
				CLANG_WARN_BLOCK_CAPTURE_AUTORELEASING = YES;
				CLANG_WARN_BOOL_CONVERSION = YES;
				CLANG_WARN_COMMA = YES;
				CLANG_WARN_CONSTANT_CONVERSION = YES;
				CLANG_WARN_DEPRECATED_OBJC_IMPLEMENTATIONS = YES;
				CLANG_WARN_DIRECT_OBJC_ISA_USAGE = YES_ERROR;
				CLANG_WARN_DOCUMENTATION_COMMENTS = YES;
				CLANG_WARN_EMPTY_BODY = YES;
				CLANG_WARN_ENUM_CONVERSION = YES;
				CLANG_WARN_INFINITE_RECURSION = YES;
				CLANG_WARN_INT_CONVERSION = YES;
				CLANG_WARN_NON_LITERAL_NULL_CONVERSION = YES;
				CLANG_WARN_OBJC_IMPLICIT_RETAIN_SELF = YES;
				CLANG_WARN_OBJC_LITERAL_CONVERSION = YES;
				CLANG_WARN_OBJC_ROOT_CLASS = YES_ERROR;
				CLANG_WARN_QUOTED_INCLUDE_IN_FRAMEWORK_HEADER = YES;
				CLANG_WARN_RANGE_LOOP_ANALYSIS = YES;
				CLANG_WARN_STRICT_PROTOTYPES = YES;
				CLANG_WARN_SUSPICIOUS_MOVE = YES;
				CLANG_WARN_UNREACHABLE_CODE = YES;
				CLANG_WARN__DUPLICATE_METHOD_MATCH = YES;
				"CODE_SIGN_IDENTITY[sdk=iphoneos*]" = "iPhone Developer";
				COPY_PHASE_STRIP = NO;
				DEBUG_INFORMATION_FORMAT = dwarf;
				ENABLE_STRICT_OBJC_MSGSEND = YES;
				ENABLE_TESTABILITY = YES;
				GCC_C_LANGUAGE_STANDARD = gnu99;
				GCC_DYNAMIC_NO_PIC = NO;
				GCC_NO_COMMON_BLOCKS = YES;
				GCC_OPTIMIZATION_LEVEL = 0;
				GCC_PREPROCESSOR_DEFINITIONS = (
					"DEBUG=1",
					"$(inherited)",
				);
				GCC_WARN_64_TO_32_BIT_CONVERSION = YES;
				GCC_WARN_ABOUT_RETURN_TYPE = YES_ERROR;
				GCC_WARN_UNDECLARED_SELECTOR = YES;
				GCC_WARN_UNINITIALIZED_AUTOS = YES_AGGRESSIVE;
				GCC_WARN_UNUSED_FUNCTION = YES;
				GCC_WARN_UNUSED_VARIABLE = YES;
				IPHONEOS_DEPLOYMENT_TARGET = 12.0;
				MTL_ENABLE_DEBUG_INFO = YES;
				ONLY_ACTIVE_ARCH = YES;
				SDKROOT = iphoneos;
				SWIFT_ACTIVE_COMPILATION_CONDITIONS = DEBUG;
				SWIFT_OPTIMIZATION_LEVEL = "-Onone";
				TARGETED_DEVICE_FAMILY = "1,2";
			};
			name = Debug;
		};
		A81846A61EAA2694003A6986 /* Release */ = {
			isa = XCBuildConfiguration;
			buildSettings = {
				ALWAYS_SEARCH_USER_PATHS = NO;
				CLANG_ANALYZER_LOCALIZABILITY_NONLOCALIZED = YES;
				CLANG_ANALYZER_NONNULL = YES;
				CLANG_ANALYZER_NUMBER_OBJECT_CONVERSION = YES_AGGRESSIVE;
				CLANG_CXX_LANGUAGE_STANDARD = "gnu++0x";
				CLANG_CXX_LIBRARY = "libc++";
				CLANG_ENABLE_MODULES = YES;
				CLANG_ENABLE_OBJC_ARC = YES;
				CLANG_WARN_BLOCK_CAPTURE_AUTORELEASING = YES;
				CLANG_WARN_BOOL_CONVERSION = YES;
				CLANG_WARN_COMMA = YES;
				CLANG_WARN_CONSTANT_CONVERSION = YES;
				CLANG_WARN_DEPRECATED_OBJC_IMPLEMENTATIONS = YES;
				CLANG_WARN_DIRECT_OBJC_ISA_USAGE = YES_ERROR;
				CLANG_WARN_DOCUMENTATION_COMMENTS = YES;
				CLANG_WARN_EMPTY_BODY = YES;
				CLANG_WARN_ENUM_CONVERSION = YES;
				CLANG_WARN_INFINITE_RECURSION = YES;
				CLANG_WARN_INT_CONVERSION = YES;
				CLANG_WARN_NON_LITERAL_NULL_CONVERSION = YES;
				CLANG_WARN_OBJC_IMPLICIT_RETAIN_SELF = YES;
				CLANG_WARN_OBJC_LITERAL_CONVERSION = YES;
				CLANG_WARN_OBJC_ROOT_CLASS = YES_ERROR;
				CLANG_WARN_QUOTED_INCLUDE_IN_FRAMEWORK_HEADER = YES;
				CLANG_WARN_RANGE_LOOP_ANALYSIS = YES;
				CLANG_WARN_STRICT_PROTOTYPES = YES;
				CLANG_WARN_SUSPICIOUS_MOVE = YES;
				CLANG_WARN_UNREACHABLE_CODE = YES;
				CLANG_WARN__DUPLICATE_METHOD_MATCH = YES;
				"CODE_SIGN_IDENTITY[sdk=iphoneos*]" = "iPhone Developer";
				COPY_PHASE_STRIP = NO;
				DEBUG_INFORMATION_FORMAT = "dwarf-with-dsym";
				ENABLE_NS_ASSERTIONS = NO;
				ENABLE_STRICT_OBJC_MSGSEND = YES;
				GCC_C_LANGUAGE_STANDARD = gnu99;
				GCC_NO_COMMON_BLOCKS = YES;
				GCC_WARN_64_TO_32_BIT_CONVERSION = YES;
				GCC_WARN_ABOUT_RETURN_TYPE = YES_ERROR;
				GCC_WARN_UNDECLARED_SELECTOR = YES;
				GCC_WARN_UNINITIALIZED_AUTOS = YES_AGGRESSIVE;
				GCC_WARN_UNUSED_FUNCTION = YES;
				GCC_WARN_UNUSED_VARIABLE = YES;
				IPHONEOS_DEPLOYMENT_TARGET = 12.0;
				MTL_ENABLE_DEBUG_INFO = NO;
				SDKROOT = iphoneos;
				SWIFT_OPTIMIZATION_LEVEL = "-Owholemodule";
				TARGETED_DEVICE_FAMILY = "1,2";
				VALIDATE_PRODUCT = YES;
			};
			name = Release;
		};
		A81846A81EAA2694003A6986 /* Debug */ = {
			isa = XCBuildConfiguration;
			buildSettings = {
				ASSETCATALOG_COMPILER_APPICON_NAME = AppIcon;
				CLANG_ENABLE_MODULES = YES;
				"CODE_SIGN_IDENTITY[sdk=iphoneos*]" = "iPhone Developer";
				DEVELOPMENT_TEAM = 5T9EE9RR8V;
				INFOPLIST_FILE = "Almond Bread GL/Info.plist";
				IPHONEOS_DEPLOYMENT_TARGET = 12.0;
				LD_RUNPATH_SEARCH_PATHS = "$(inherited) @executable_path/Frameworks";
				PRODUCT_BUNDLE_IDENTIFIER = "de.tu-freiberg.Mandel-GL";
				PRODUCT_NAME = "$(TARGET_NAME)";
				PROVISIONING_PROFILE_SPECIFIER = "";
				SWIFT_DISABLE_SAFETY_CHECKS = YES;
				SWIFT_OBJC_BRIDGING_HEADER = "Almond Bread GL/Source/Almond Bread GL-Bridging-Header.h";
				SWIFT_OPTIMIZATION_LEVEL = "-Onone";
				SWIFT_VERSION = 5.0;
				TARGETED_DEVICE_FAMILY = "1,2";
			};
			name = Debug;
		};
		A81846A91EAA2694003A6986 /* Release */ = {
			isa = XCBuildConfiguration;
			buildSettings = {
				ASSETCATALOG_COMPILER_APPICON_NAME = AppIcon;
				CLANG_ENABLE_MODULES = YES;
				"CODE_SIGN_IDENTITY[sdk=iphoneos*]" = "iPhone Developer";
				DEVELOPMENT_TEAM = 5T9EE9RR8V;
				GCC_OPTIMIZATION_LEVEL = fast;
				INFOPLIST_FILE = "Almond Bread GL/Info.plist";
				IPHONEOS_DEPLOYMENT_TARGET = 12.0;
				LD_RUNPATH_SEARCH_PATHS = "$(inherited) @executable_path/Frameworks";
				PRODUCT_BUNDLE_IDENTIFIER = "de.tu-freiberg.Mandel-GL";
				PRODUCT_NAME = "$(TARGET_NAME)";
				PROVISIONING_PROFILE_SPECIFIER = "";
				SWIFT_DISABLE_SAFETY_CHECKS = YES;
				SWIFT_OBJC_BRIDGING_HEADER = "Almond Bread GL/Source/Almond Bread GL-Bridging-Header.h";
				SWIFT_VERSION = 5.0;
				TARGETED_DEVICE_FAMILY = "1,2";
			};
			name = Release;
		};
/* End XCBuildConfiguration section */

/* Begin XCConfigurationList section */
		A81846901EAA2693003A6986 /* Build configuration list for PBXProject "Almond Bread GL" */ = {
			isa = XCConfigurationList;
			buildConfigurations = (
				A81846A51EAA2694003A6986 /* Debug */,
				A81846A61EAA2694003A6986 /* Release */,
			);
			defaultConfigurationIsVisible = 0;
			defaultConfigurationName = Release;
		};
		A81846A71EAA2694003A6986 /* Build configuration list for PBXNativeTarget "Almond Bread GL" */ = {
			isa = XCConfigurationList;
			buildConfigurations = (
				A81846A81EAA2694003A6986 /* Debug */,
				A81846A91EAA2694003A6986 /* Release */,
			);
			defaultConfigurationIsVisible = 0;
			defaultConfigurationName = Release;
		};
/* End XCConfigurationList section */
	};
	rootObject = A818468D1EAA2693003A6986 /* Project object */;
}
